
Microsoft Visual Studio Solution File, Format Version 12.00
# Visual Studio 14
VisualStudioVersion = 14.0.25123.0
MinimumVisualStudioVersion = 10.0.40219.1
Project("{FAE04EC0-301F-11D3-BF4B-00C04F79EFBC}") = "WebApplication5", "WebApplication5\WebApplication5.csproj", "{5A3202A6-E0C3-4BB9-9F2E-25FFF857018D}"
EndProject
Project("{FAE04EC0-301F-11D3-BF4B-00C04F79EFBC}") = "App1", "App1\App1.csproj", "{80943F4B-9AB1-4A65-B9EC-360EB9ADB583}"
EndProject
Project("{FAE04EC0-301F-11D3-BF4B-00C04F79EFBC}") = "WpfApplication1", "WpfApplication1\WpfApplication1.csproj", "{B60ADD83-9FEC-4E88-B00C-E764884164E1}"
EndProject
Global
	GlobalSection(SolutionConfigurationPlatforms) = preSolution
		Debug|Any CPU = Debug|Any CPU
		Debug|ARM = Debug|ARM
		Debug|x64 = Debug|x64
		Debug|x86 = Debug|x86
		Release|Any CPU = Release|Any CPU
		Release|ARM = Release|ARM
		Release|x64 = Release|x64
		Release|x86 = Release|x86
	EndGlobalSection
	GlobalSection(ProjectConfigurationPlatforms) = postSolution
		{5A3202A6-E0C3-4BB9-9F2E-25FFF857018D}.Debug|Any CPU.ActiveCfg = Debug|Any CPU
		{5A3202A6-E0C3-4BB9-9F2E-25FFF857018D}.Debug|Any CPU.Build.0 = Debug|Any CPU
		{5A3202A6-E0C3-4BB9-9F2E-25FFF857018D}.Debug|ARM.ActiveCfg = Debug|Any CPU
		{5A3202A6-E0C3-4BB9-9F2E-25FFF857018D}.Debug|ARM.Build.0 = Debug|Any CPU
		{5A3202A6-E0C3-4BB9-9F2E-25FFF857018D}.Debug|x64.ActiveCfg = Debug|Any CPU
		{5A3202A6-E0C3-4BB9-9F2E-25FFF857018D}.Debug|x64.Build.0 = Debug|Any CPU
		{5A3202A6-E0C3-4BB9-9F2E-25FFF857018D}.Debug|x86.ActiveCfg = Debug|Any CPU
		{5A3202A6-E0C3-4BB9-9F2E-25FFF857018D}.Debug|x86.Build.0 = Debug|Any CPU
		{5A3202A6-E0C3-4BB9-9F2E-25FFF857018D}.Release|Any CPU.ActiveCfg = Release|Any CPU
		{5A3202A6-E0C3-4BB9-9F2E-25FFF857018D}.Release|Any CPU.Build.0 = Release|Any CPU
		{5A3202A6-E0C3-4BB9-9F2E-25FFF857018D}.Release|ARM.ActiveCfg = Release|Any CPU
		{5A3202A6-E0C3-4BB9-9F2E-25FFF857018D}.Release|ARM.Build.0 = Release|Any CPU
		{5A3202A6-E0C3-4BB9-9F2E-25FFF857018D}.Release|x64.ActiveCfg = Release|Any CPU
		{5A3202A6-E0C3-4BB9-9F2E-25FFF857018D}.Release|x64.Build.0 = Release|Any CPU
		{5A3202A6-E0C3-4BB9-9F2E-25FFF857018D}.Release|x86.ActiveCfg = Release|Any CPU
		{5A3202A6-E0C3-4BB9-9F2E-25FFF857018D}.Release|x86.Build.0 = Release|Any CPU
		{80943F4B-9AB1-4A65-B9EC-360EB9ADB583}.Debug|Any CPU.ActiveCfg = Debug|Any CPU
		{80943F4B-9AB1-4A65-B9EC-360EB9ADB583}.Debug|Any CPU.Build.0 = Debug|Any CPU
		{80943F4B-9AB1-4A65-B9EC-360EB9ADB583}.Debug|Any CPU.Deploy.0 = Debug|Any CPU
		{80943F4B-9AB1-4A65-B9EC-360EB9ADB583}.Debug|ARM.ActiveCfg = Debug|ARM
		{80943F4B-9AB1-4A65-B9EC-360EB9ADB583}.Debug|ARM.Build.0 = Debug|ARM
		{80943F4B-9AB1-4A65-B9EC-360EB9ADB583}.Debug|ARM.Deploy.0 = Debug|ARM
		{80943F4B-9AB1-4A65-B9EC-360EB9ADB583}.Debug|x64.ActiveCfg = Debug|x64
		{80943F4B-9AB1-4A65-B9EC-360EB9ADB583}.Debug|x64.Build.0 = Debug|x64
		{80943F4B-9AB1-4A65-B9EC-360EB9ADB583}.Debug|x64.Deploy.0 = Debug|x64
		{80943F4B-9AB1-4A65-B9EC-360EB9ADB583}.Debug|x86.ActiveCfg = Debug|x86
		{80943F4B-9AB1-4A65-B9EC-360EB9ADB583}.Debug|x86.Build.0 = Debug|x86
		{80943F4B-9AB1-4A65-B9EC-360EB9ADB583}.Debug|x86.Deploy.0 = Debug|x86
		{80943F4B-9AB1-4A65-B9EC-360EB9ADB583}.Release|Any CPU.ActiveCfg = Release|Any CPU
		{80943F4B-9AB1-4A65-B9EC-360EB9ADB583}.Release|Any CPU.Build.0 = Release|Any CPU
		{80943F4B-9AB1-4A65-B9EC-360EB9ADB583}.Release|Any CPU.Deploy.0 = Release|Any CPU
		{80943F4B-9AB1-4A65-B9EC-360EB9ADB583}.Release|ARM.ActiveCfg = Release|ARM
		{80943F4B-9AB1-4A65-B9EC-360EB9ADB583}.Release|ARM.Build.0 = Release|ARM
		{80943F4B-9AB1-4A65-B9EC-360EB9ADB583}.Release|ARM.Deploy.0 = Release|ARM
		{80943F4B-9AB1-4A65-B9EC-360EB9ADB583}.Release|x64.ActiveCfg = Release|x64
		{80943F4B-9AB1-4A65-B9EC-360EB9ADB583}.Release|x64.Build.0 = Release|x64
		{80943F4B-9AB1-4A65-B9EC-360EB9ADB583}.Release|x64.Deploy.0 = Release|x64
		{80943F4B-9AB1-4A65-B9EC-360EB9ADB583}.Release|x86.ActiveCfg = Release|x86
		{80943F4B-9AB1-4A65-B9EC-360EB9ADB583}.Release|x86.Build.0 = Release|x86
		{80943F4B-9AB1-4A65-B9EC-360EB9ADB583}.Release|x86.Deploy.0 = Release|x86
		{B60ADD83-9FEC-4E88-B00C-E764884164E1}.Debug|Any CPU.ActiveCfg = Debug|Any CPU
		{B60ADD83-9FEC-4E88-B00C-E764884164E1}.Debug|Any CPU.Build.0 = Debug|Any CPU
		{B60ADD83-9FEC-4E88-B00C-E764884164E1}.Debug|ARM.ActiveCfg = Debug|Any CPU
		{B60ADD83-9FEC-4E88-B00C-E764884164E1}.Debug|ARM.Build.0 = Debug|Any CPU
		{B60ADD83-9FEC-4E88-B00C-E764884164E1}.Debug|x64.ActiveCfg = Debug|Any CPU
		{B60ADD83-9FEC-4E88-B00C-E764884164E1}.Debug|x64.Build.0 = Debug|Any CPU
		{B60ADD83-9FEC-4E88-B00C-E764884164E1}.Debug|x86.ActiveCfg = Debug|Any CPU
		{B60ADD83-9FEC-4E88-B00C-E764884164E1}.Debug|x86.Build.0 = Debug|Any CPU
		{B60ADD83-9FEC-4E88-B00C-E764884164E1}.Release|Any CPU.ActiveCfg = Release|Any CPU
		{B60ADD83-9FEC-4E88-B00C-E764884164E1}.Release|Any CPU.Build.0 = Release|Any CPU
		{B60ADD83-9FEC-4E88-B00C-E764884164E1}.Release|ARM.ActiveCfg = Release|Any CPU
		{B60ADD83-9FEC-4E88-B00C-E764884164E1}.Release|ARM.Build.0 = Release|Any CPU
		{B60ADD83-9FEC-4E88-B00C-E764884164E1}.Release|x64.ActiveCfg = Release|Any CPU
		{B60ADD83-9FEC-4E88-B00C-E764884164E1}.Release|x64.Build.0 = Release|Any CPU
		{B60ADD83-9FEC-4E88-B00C-E764884164E1}.Release|x86.ActiveCfg = Release|Any CPU
		{B60ADD83-9FEC-4E88-B00C-E764884164E1}.Release|x86.Build.0 = Release|Any CPU
	EndGlobalSection
	GlobalSection(SolutionProperties) = preSolution
		HideSolutionNode = FALSE
	EndGlobalSection
EndGlobal
